
Microsoft Visual Studio Solution File, Format Version 12.00
# Visual Studio Version 17
VisualStudioVersion = 17.6.33815.320
MinimumVisualStudioVersion = 10.0.40219.1
Project("{9A19103F-16F7-4668-BE54-9A1E7A4F7556}") = "BlogAss", "BlogAss\BlogAss.csproj", "{A4FA63DD-7439-4713-92F6-E49691B5A511}"
EndProject
Project("{9A19103F-16F7-4668-BE54-9A1E7A4F7556}") = "DataAccess", "DataAccess\DataAccess.csproj", "{8F6EE7D3-F9A2-4924-BCA8-7621DFB6BF0C}"
EndProject
Project("{2150E333-8FDC-42A3-9474-1A3956D46DE8}") = "Presentation Layer", "Presentation Layer", "{2AB3E725-3D0C-400B-AB16-5834F13A5C34}"
EndProject
Project("{2150E333-8FDC-42A3-9474-1A3956D46DE8}") = "Data Access Layer", "Data Access Layer", "{2D6CE003-7CAE-479B-AC26-1CE6A370069D}"
EndProject
Project("{2150E333-8FDC-42A3-9474-1A3956D46DE8}") = "Business Logic Layer", "Business Logic Layer", "{DA3646CB-89EC-467B-BC0E-239EAA0CB5D6}"
EndProject
Project("{9A19103F-16F7-4668-BE54-9A1E7A4F7556}") = "BussinessLogic", "BussinessLogic\BussinessLogic.csproj", "{81234468-6CF2-4FC3-B6FE-C2546D357DAF}"
EndProject
Global
	GlobalSection(SolutionConfigurationPlatforms) = preSolution
		Debug|Any CPU = Debug|Any CPU
		Release|Any CPU = Release|Any CPU
	EndGlobalSection
	GlobalSection(ProjectConfigurationPlatforms) = postSolution
		{A4FA63DD-7439-4713-92F6-E49691B5A511}.Debug|Any CPU.ActiveCfg = Debug|Any CPU
		{A4FA63DD-7439-4713-92F6-E49691B5A511}.Debug|Any CPU.Build.0 = Debug|Any CPU
		{A4FA63DD-7439-4713-92F6-E49691B5A511}.Release|Any CPU.ActiveCfg = Release|Any CPU
		{A4FA63DD-7439-4713-92F6-E49691B5A511}.Release|Any CPU.Build.0 = Release|Any CPU
		{8F6EE7D3-F9A2-4924-BCA8-7621DFB6BF0C}.Debug|Any CPU.ActiveCfg = Debug|Any CPU
		{8F6EE7D3-F9A2-4924-BCA8-7621DFB6BF0C}.Debug|Any CPU.Build.0 = Debug|Any CPU
		{8F6EE7D3-F9A2-4924-BCA8-7621DFB6BF0C}.Release|Any CPU.ActiveCfg = Release|Any CPU
		{8F6EE7D3-F9A2-4924-BCA8-7621DFB6BF0C}.Release|Any CPU.Build.0 = Release|Any CPU
		{81234468-6CF2-4FC3-B6FE-C2546D357DAF}.Debug|Any CPU.ActiveCfg = Debug|Any CPU
		{81234468-6CF2-4FC3-B6FE-C2546D357DAF}.Debug|Any CPU.Build.0 = Debug|Any CPU
		{81234468-6CF2-4FC3-B6FE-C2546D357DAF}.Release|Any CPU.ActiveCfg = Release|Any CPU
		{81234468-6CF2-4FC3-B6FE-C2546D357DAF}.Release|Any CPU.Build.0 = Release|Any CPU
	EndGlobalSection
	GlobalSection(SolutionProperties) = preSolution
		HideSolutionNode = FALSE
	EndGlobalSection
	GlobalSection(NestedProjects) = preSolution
		{A4FA63DD-7439-4713-92F6-E49691B5A511} = {2AB3E725-3D0C-400B-AB16-5834F13A5C34}
		{8F6EE7D3-F9A2-4924-BCA8-7621DFB6BF0C} = {2D6CE003-7CAE-479B-AC26-1CE6A370069D}
		{81234468-6CF2-4FC3-B6FE-C2546D357DAF} = {DA3646CB-89EC-467B-BC0E-239EAA0CB5D6}
	EndGlobalSection
	GlobalSection(ExtensibilityGlobals) = postSolution
		SolutionGuid = {80C17BD7-F57C-43B5-A110-1285EC9E12FA}
	EndGlobalSection
EndGlobal
